
Microsoft Visual Studio Solution File, Format Version 12.00
# Visual Studio Version 16
VisualStudioVersion = 16.0.30104.148
MinimumVisualStudioVersion = 10.0.40219.1
Project("{9A19103F-16F7-4668-BE54-9A1E7A4F7556}") = "DataAccess", "DataAccess\DataAccess.csproj", "{C9E6E5B2-680D-47BF-9FAC-4F6669F90CDB}"
EndProject
Project("{9A19103F-16F7-4668-BE54-9A1E7A4F7556}") = "CollectData", "CollectData\CollectData.csproj", "{299E2CC6-7EAE-4E84-964D-4FF000B714F0}"
EndProject
Project("{FAE04EC0-301F-11D3-BF4B-00C04F79EFBC}") = "Dictionary", "Dictionary\Dictionary.csproj", "{46EBA654-E1B1-4585-800A-4410A761F7C4}"
EndProject
Project("{2150E333-8FDC-42A3-9474-1A3956D46DE8}") = "Solution Items", "Solution Items", "{41954E11-1E9E-45E8-8399-30116A712B76}"
	ProjectSection(SolutionItems) = preProject
		README.md = README.md
	EndProjectSection
EndProject
Global
	GlobalSection(SolutionConfigurationPlatforms) = preSolution
		Debug|Any CPU = Debug|Any CPU
		Release|Any CPU = Release|Any CPU
	EndGlobalSection
	GlobalSection(ProjectConfigurationPlatforms) = postSolution
		{C9E6E5B2-680D-47BF-9FAC-4F6669F90CDB}.Debug|Any CPU.ActiveCfg = Debug|Any CPU
		{C9E6E5B2-680D-47BF-9FAC-4F6669F90CDB}.Debug|Any CPU.Build.0 = Debug|Any CPU
		{C9E6E5B2-680D-47BF-9FAC-4F6669F90CDB}.Release|Any CPU.ActiveCfg = Release|Any CPU
		{C9E6E5B2-680D-47BF-9FAC-4F6669F90CDB}.Release|Any CPU.Build.0 = Release|Any CPU
		{299E2CC6-7EAE-4E84-964D-4FF000B714F0}.Debug|Any CPU.ActiveCfg = Debug|Any CPU
		{299E2CC6-7EAE-4E84-964D-4FF000B714F0}.Debug|Any CPU.Build.0 = Debug|Any CPU
		{299E2CC6-7EAE-4E84-964D-4FF000B714F0}.Release|Any CPU.ActiveCfg = Release|Any CPU
		{299E2CC6-7EAE-4E84-964D-4FF000B714F0}.Release|Any CPU.Build.0 = Release|Any CPU
		{46EBA654-E1B1-4585-800A-4410A761F7C4}.Debug|Any CPU.ActiveCfg = Debug|Any CPU
		{46EBA654-E1B1-4585-800A-4410A761F7C4}.Debug|Any CPU.Build.0 = Debug|Any CPU
		{46EBA654-E1B1-4585-800A-4410A761F7C4}.Release|Any CPU.ActiveCfg = Release|Any CPU
		{46EBA654-E1B1-4585-800A-4410A761F7C4}.Release|Any CPU.Build.0 = Release|Any CPU
	EndGlobalSection
	GlobalSection(SolutionProperties) = preSolution
		HideSolutionNode = FALSE
	EndGlobalSection
	GlobalSection(ExtensibilityGlobals) = postSolution
		SolutionGuid = {FF858289-F2DD-4283-AFA4-68256E7B04E6}
	EndGlobalSection
EndGlobal
